{
  "nodes": {
    "abseil-src": {
      "flake": false,
      "locked": {
        "lastModified": 1722535511,
        "narHash": "sha256-51jpDhdZ0n+KLmxh8KVaTz53pZAB0dHjmILFX+OLud4=",
        "owner": "abseil",
        "repo": "abseil-cpp",
        "rev": "4447c7562e3bc702ade25105912dce503f0c4010",
        "type": "github"
      },
      "original": {
        "owner": "abseil",
        "ref": "20240722.0",
        "repo": "abseil-cpp",
        "type": "github"
      }
    },
    "asio-src": {
      "flake": false,
      "locked": {
        "lastModified": 1702548444,
        "narHash": "sha256-8Xo6J6+dTvDtsthjbLMMTInHMDnMMM0rQwzbZu70J/s=",
        "owner": "chriskohlhoff",
        "repo": "asio",
        "rev": "22ccfc94fc77356f7820601f9f33b9129a337d2d",
        "type": "github"
      },
      "original": {
        "owner": "chriskohlhoff",
        "ref": "asio-1-30-0",
        "repo": "asio",
        "type": "github"
      }
    },
    "awww": {
      "inputs": {
        "flake-compat": "flake-compat",
        "nixpkgs": [
          "nixpkgs"
        ],
        "rust-overlay": "rust-overlay"
      },
      "locked": {
        "lastModified": 1774191766,
        "narHash": "sha256-bvO+gfuUOVUiBEwAJ5A2RjpysPzCfyXD+DM8piOa1+4=",
        "ref": "refs/heads/main",
        "rev": "7a8fc2e646b97e5ae508a44d3449e3b41345d456",
        "revCount": 1336,
        "type": "git",
        "url": "https://codeberg.org/LGFae/awww"
      },
      "original": {
        "type": "git",
        "url": "https://codeberg.org/LGFae/awww"
      }
    },
    "comin": {
      "inputs": {
        "flake-compat": "flake-compat_2",
        "nixpkgs": [
          "nixpkgs"
        ],
        "treefmt-nix": "treefmt-nix"
      },
      "locked": {
        "lastModified": 1775376461,
        "narHash": "sha256-R4Kn2K/7TpZeYI9p4n7+mG+xLNrYqmcqYDCxWYkSRtg=",
        "owner": "nlewo",
        "repo": "comin",
        "rev": "e244a0413cfd53e4a081eb6e367a516cdee3ab24",
        "type": "github"
      },
      "original": {
        "owner": "nlewo",
        "repo": "comin",
        "type": "github"
      }
    },
    "curl-src": {
      "flake": false,
      "locked": {
        "lastModified": 1743572790,
        "narHash": "sha256-huAGWNm2rYBmgzUuYQ21IYp2skyQECelEkXPMBJY3cE=",
        "owner": "curl",
        "repo": "curl",
        "rev": "1c3149881769e7bd79b072e48374e4c2b3678b2f",
        "type": "github"
      },
      "original": {
        "owner": "curl",
        "ref": "curl-8_13_0",
        "repo": "curl",
        "type": "github"
      }
    },
    "disko": {
      "inputs": {
        "nixpkgs": [
          "nixpkgs"
        ]
      },
      "locked": {
        "lastModified": 1773889306,
        "narHash": "sha256-PAqwnsBSI9SVC2QugvQ3xeYCB0otOwCacB1ueQj2tgw=",
        "owner": "nix-community",
        "repo": "disko",
        "rev": "5ad85c82cc52264f4beddc934ba57f3789f28347",
        "type": "github"
      },
      "original": {
        "owner": "nix-community",
        "repo": "disko",
        "type": "github"
      }
    },
    "dracula-alacritty": {
      "flake": false,
      "locked": {
        "lastModified": 1745504714,
        "narHash": "sha256-SzhZPvblz+U2vIHuLcjdA3pf7RfV2r0yrLZytkQ9s94=",
        "owner": "dracula",
        "repo": "alacritty",
        "rev": "c8a3a13404b78d520d04354e133b5075d9b785e1",
        "type": "github"
      },
      "original": {
        "owner": "dracula",
        "repo": "alacritty",
        "type": "github"
      }
    },
    "flake-compat": {
      "flake": false,
      "locked": {
        "lastModified": 1761588595,
        "narHash": "sha256-XKUZz9zewJNUj46b4AJdiRZJAvSZ0Dqj2BNfXvFlJC4=",
        "owner": "edolstra",
        "repo": "flake-compat",
        "rev": "f387cd2afec9419c8ee37694406ca490c3f34ee5",
        "type": "github"
      },
      "original": {
        "owner": "edolstra",
        "repo": "flake-compat",
        "type": "github"
      }
    },
    "flake-compat_2": {
      "flake": false,
      "locked": {
        "lastModified": 1765121682,
        "narHash": "sha256-4VBOP18BFeiPkyhy9o4ssBNQEvfvv1kXkasAYd0+rrA=",
        "owner": "NixOS",
        "repo": "flake-compat",
        "rev": "65f23138d8d09a92e30f1e5c87611b23ef451bf3",
        "type": "github"
      },
      "original": {
        "owner": "NixOS",
        "repo": "flake-compat",
        "type": "github"
      }
    },
    "flake-compat_3": {
      "flake": false,
      "locked": {
        "lastModified": 1747046372,
        "narHash": "sha256-CIVLLkVgvHYbgI2UpXvIIBJ12HWgX+fjA8Xf8PUmqCY=",
        "owner": "edolstra",
        "repo": "flake-compat",
        "rev": "9100a0f413b0c601e0533d1d94ffd501ce2e7885",
        "type": "github"
      },
      "original": {
        "owner": "edolstra",
        "repo": "flake-compat",
        "type": "github"
      }
    },
    "flake-utils": {
      "inputs": {
        "systems": "systems"
      },
      "locked": {
        "lastModified": 1731533236,
        "narHash": "sha256-l0KFg5HjrsfsO/JpG+r7fRrqm12kzFHyUHqHCVpMMbI=",
        "owner": "numtide",
        "repo": "flake-utils",
        "rev": "11707dc2f618dd54ca8739b309ec4fc024de578b",
        "type": "github"
      },
      "original": {
        "owner": "numtide",
        "repo": "flake-utils",
        "type": "github"
      }
    },
    "fmt-src": {
      "flake": false,
      "locked": {
        "lastModified": 1758127535,
        "narHash": "sha256-AZDmIeU1HbadC+K0TIAGogvVnxt0oE9U6ocpawIgl6g=",
        "owner": "fmtlib",
        "repo": "fmt",
        "rev": "e424e3f2e607da02742f73db84873b8084fc714c",
        "type": "github"
      },
      "original": {
        "owner": "fmtlib",
        "ref": "12.0.0",
        "repo": "fmt",
        "type": "github"
      }
    },
    "home-manager": {
      "inputs": {
        "nixpkgs": [
          "nixpkgs"
        ]
      },
      "locked": {
        "lastModified": 1775425411,
        "narHash": "sha256-KY6HsebJHEe5nHOWP7ur09mb0drGxYSzE3rQxy62rJo=",
        "owner": "nix-community",
        "repo": "home-manager",
        "rev": "0d02ec1d0a05f88ef9e74b516842900c41f0f2fe",
        "type": "github"
      },
      "original": {
        "owner": "nix-community",
        "ref": "release-25.11",
        "repo": "home-manager",
        "type": "github"
      }
    },
    "home-manager_2": {
      "inputs": {
        "nixpkgs": [
          "zen-browser",
          "nixpkgs"
        ]
      },
      "locked": {
        "lastModified": 1774991950,
        "narHash": "sha256-kScKj3qJDIWuN9/6PMmgy5esrTUkYinrO5VvILik/zw=",
        "owner": "nix-community",
        "repo": "home-manager",
        "rev": "f2d3e04e278422c7379e067e323734f3e8c585a7",
        "type": "github"
      },
      "original": {
        "owner": "nix-community",
        "repo": "home-manager",
        "type": "github"
      }
    },
    "incbin-src": {
      "flake": false,
      "locked": {
        "lastModified": 1748303270,
        "narHash": "sha256-vgOfViZnWTKpBB6vDNDJSB3YuuGGVhg++zsi9Ubatno=",
        "owner": "graphitemaster",
        "repo": "incbin",
        "rev": "22061f51fe9f2f35f061f85c2b217b55dd75310d",
        "type": "github"
      },
      "original": {
        "owner": "graphitemaster",
        "repo": "incbin",
        "rev": "22061f51fe9f2f35f061f85c2b217b55dd75310d",
        "type": "github"
      }
    },
    "json-src": {
      "flake": false,
      "locked": {
        "lastModified": 1744360948,
        "narHash": "sha256-cECvDOLxgX7Q9R3IE86Hj9JJUxraDQvhoyPDF03B2CY=",
        "owner": "nlohmann",
        "repo": "json",
        "rev": "55f93686c01528224f448c19128836e7df245f72",
        "type": "github"
      },
      "original": {
        "owner": "nlohmann",
        "ref": "v3.12.0",
        "repo": "json",
        "type": "github"
      }
    },
    "libgit2-src": {
      "flake": false,
      "locked": {
        "lastModified": 1749227175,
        "narHash": "sha256-/xI3v7LNhpgfjv/m+sZwYDhhYvS6kQYxiiiG3+EF8Mw=",
        "owner": "libgit2",
        "repo": "libgit2",
        "rev": "0060d9cf5666f015b1067129bd874c6cc4c9c7ac",
        "type": "github"
      },
      "original": {
        "owner": "libgit2",
        "ref": "v1.9.1",
        "repo": "libgit2",
        "type": "github"
      }
    },
    "luajit-src": {
      "flake": false,
      "locked": {
        "lastModified": 1763177035,
        "narHash": "sha256-oYD86MqmlJpiCuEs4LwVtxvarPtz1RPWm8nJqNE0sBs=",
        "owner": "SteamClientHomebrew",
        "repo": "LuaJIT",
        "rev": "89550023569c3e195e75e12951c067fe5591e0d2",
        "type": "github"
      },
      "original": {
        "owner": "SteamClientHomebrew",
        "ref": "v2.1",
        "repo": "LuaJIT",
        "type": "github"
      }
    },
    "luajson-src": {
      "flake": false,
      "locked": {
        "lastModified": 1763065879,
        "narHash": "sha256-5Mdp4jp+rqz2ufkBa1gMfd8nep+Um+mBdr6+Ut6yz9I=",
        "owner": "SteamClientHomebrew",
        "repo": "LuaJSON",
        "rev": "0c1fabf07c42f3907287d1e4f729e0620c1fe6fd",
        "type": "github"
      },
      "original": {
        "owner": "SteamClientHomebrew",
        "repo": "LuaJSON",
        "rev": "0c1fabf07c42f3907287d1e4f729e0620c1fe6fd",
        "type": "github"
      }
    },
    "millennium": {
      "inputs": {
        "abseil-src": "abseil-src",
        "asio-src": "asio-src",
        "curl-src": "curl-src",
        "fmt-src": "fmt-src",
        "incbin-src": "incbin-src",
        "json-src": "json-src",
        "libgit2-src": "libgit2-src",
        "luajit-src": "luajit-src",
        "luajson-src": "luajson-src",
        "millennium-src": "millennium-src",
        "minhook-src": "minhook-src",
        "mini-src": "mini-src",
        "minizip-src": "minizip-src",
        "nixpkgs": [
          "nixpkgs"
        ],
        "re2-src": "re2-src",
        "websocketpp-src": "websocketpp-src",
        "zlib-src": "zlib-src"
      },
      "locked": {
        "dir": "packages/nix",
        "lastModified": 1774491538,
        "narHash": "sha256-11rgTocaXAIFYVEcbb6ju/sDN6sZpxjneXj9FSbgwrA=",
        "owner": "SteamClientHomebrew",
        "repo": "Millennium",
        "rev": "bf8b0cd016fcc4168c4e348cbcbfd237de4c01c8",
        "type": "github"
      },
      "original": {
        "dir": "packages/nix",
        "owner": "SteamClientHomebrew",
        "repo": "Millennium",
        "type": "github"
      }
    },
    "millennium-src": {
      "flake": false,
      "locked": {
        "lastModified": 1770463863,
        "narHash": "sha256-MceGTpXobCAh5Ll/1iTWcEf6/nHY3Ll1t06JxbYc+Co=",
        "owner": "SteamClientHomebrew",
        "repo": "Millennium",
        "rev": "1bc62c94a06f25f7e8d7e269f11cd968cf576bff",
        "type": "github"
      },
      "original": {
        "owner": "SteamClientHomebrew",
        "repo": "Millennium",
        "rev": "1bc62c94a06f25f7e8d7e269f11cd968cf576bff",
        "type": "github"
      }
    },
    "minecraft-discord-bridge": {
      "inputs": {
        "flake-utils": "flake-utils",
        "nixpkgs": [
          "nixpkgs"
        ]
      },
      "locked": {
        "lastModified": 1768517309,
        "narHash": "sha256-247bPHOglLzkWM+gCX0ZywOOHUTeAhbbycEpWOa5F5o=",
        "owner": "t3u-tsu",
        "repo": "minecraft-discord-bridge",
        "rev": "b53fa9e63327665c817ef4c2b302d755ff7ad577",
        "type": "github"
      },
      "original": {
        "owner": "t3u-tsu",
        "repo": "minecraft-discord-bridge",
        "type": "github"
      }
    },
    "minhook-src": {
      "flake": false,
      "locked": {
        "lastModified": 1743163800,
        "narHash": "sha256-0eGFfg365bb4zic1WTHMvKHbxuhhGp72/clu8OklHXs=",
        "owner": "TsudaKageyu",
        "repo": "minhook",
        "rev": "c3fcafdc10146beb5919319d0683e44e3c30d537",
        "type": "github"
      },
      "original": {
        "owner": "TsudaKageyu",
        "ref": "v1.3.4",
        "repo": "minhook",
        "type": "github"
      }
    },
    "mini-src": {
      "flake": false,
      "locked": {
        "lastModified": 1743356736,
        "narHash": "sha256-zBFFOlECbie7+62fTGf+NP4gNmfv2Qddw3ys6xn7o9U=",
        "owner": "metayeti",
        "repo": "mINI",
        "rev": "52b66e987cb56171dc91d96115cdf094b6e4d7a0",
        "type": "github"
      },
      "original": {
        "owner": "metayeti",
        "ref": "0.9.18",
        "repo": "mINI",
        "type": "github"
      }
    },
    "minizip-src": {
      "flake": false,
      "locked": {
        "lastModified": 1746408966,
        "narHash": "sha256-I3CZwtfJMsZYQOMdGhooUN8vssnQj6rCzv8F+rne3vg=",
        "owner": "zlib-ng",
        "repo": "minizip-ng",
        "rev": "f3ed731e27a97e30dffe076ed5e0537daae5c1bd",
        "type": "github"
      },
      "original": {
        "owner": "zlib-ng",
        "ref": "4.0.10",
        "repo": "minizip-ng",
        "type": "github"
      }
    },
    "niri": {
      "inputs": {
        "niri-stable": "niri-stable",
        "niri-unstable": "niri-unstable",
        "nixpkgs": [
          "nixpkgs"
        ],
        "nixpkgs-stable": "nixpkgs-stable",
        "xwayland-satellite-stable": "xwayland-satellite-stable",
        "xwayland-satellite-unstable": "xwayland-satellite-unstable"
      },
      "locked": {
        "lastModified": 1775637310,
        "narHash": "sha256-LYm11N3gAH8bnQcU+/bIyeE1YAFOUuaJ5LQQgI1VB3E=",
        "owner": "sodiboo",
        "repo": "niri-flake",
        "rev": "15223527082d596609717cacf10a8b2d51c8787d",
        "type": "github"
      },
      "original": {
        "owner": "sodiboo",
        "repo": "niri-flake",
        "type": "github"
      }
    },
    "niri-stable": {
      "flake": false,
      "locked": {
        "lastModified": 1756556321,
        "narHash": "sha256-RLD89dfjN0RVO86C/Mot0T7aduCygPGaYbog566F0Qo=",
        "owner": "YaLTeR",
        "repo": "niri",
        "rev": "01be0e65f4eb91a9cd624ac0b76aaeab765c7294",
        "type": "github"
      },
      "original": {
        "owner": "YaLTeR",
        "ref": "v25.08",
        "repo": "niri",
        "type": "github"
      }
    },
    "niri-unstable": {
      "flake": false,
      "locked": {
        "lastModified": 1775561155,
        "narHash": "sha256-TK2IrqQivRcwqJa0suZMbcsN17CtA8Uu0v7CDnLATb0=",
        "owner": "YaLTeR",
        "repo": "niri",
        "rev": "599db847f857b8a7ff78ce02f15acab5d5d9fee1",
        "type": "github"
      },
      "original": {
        "owner": "YaLTeR",
        "repo": "niri",
        "type": "github"
      }
    },
    "nix-index-database": {
      "inputs": {
        "nixpkgs": [
          "nixpkgs"
        ]
      },
      "locked": {
        "lastModified": 1775365369,
        "narHash": "sha256-DgH5mveLoau20CuTnaU5RXZWgFQWn56onQ4Du2CqYoI=",
        "owner": "nix-community",
        "repo": "nix-index-database",
        "rev": "cef5cf82671e749ac87d69aadecbb75967e6f6c3",
        "type": "github"
      },
      "original": {
        "owner": "nix-community",
        "repo": "nix-index-database",
        "type": "github"
      }
    },
    "nix-minecraft": {
      "inputs": {
        "flake-compat": "flake-compat_3",
        "nixpkgs": [
          "nixpkgs"
        ],
        "systems": "systems_2"
      },
      "locked": {
        "lastModified": 1775618440,
        "narHash": "sha256-CFaKbdcgHhDftrcvYbn5DDmjhrctzGYjMLRXBWw5ApA=",
        "owner": "Infinidoge",
        "repo": "nix-minecraft",
        "rev": "344529e7d9cb54f6748ae8a1107a5f99c7b1e638",
        "type": "github"
      },
      "original": {
        "owner": "Infinidoge",
        "repo": "nix-minecraft",
        "type": "github"
      }
    },
    "nixpkgs": {
      "locked": {
        "lastModified": 1770107345,
        "narHash": "sha256-tbS0Ebx2PiA1FRW8mt8oejR0qMXmziJmPaU1d4kYY9g=",
        "owner": "nixos",
        "repo": "nixpkgs",
        "rev": "4533d9293756b63904b7238acb84ac8fe4c8c2c4",
        "type": "github"
      },
      "original": {
        "owner": "nixos",
        "ref": "nixpkgs-unstable",
        "repo": "nixpkgs",
        "type": "github"
      }
    },
    "nixpkgs-stable": {
      "locked": {
        "lastModified": 1775525138,
        "narHash": "sha256-BQb70+B378ECLO8iQT3P/b1hCC5/CJVHZdeulY8futc=",
        "owner": "NixOS",
        "repo": "nixpkgs",
        "rev": "d96b37bbeb9840f1c0ebfe90585ef5067b69bbb3",
        "type": "github"
      },
      "original": {
        "owner": "NixOS",
        "ref": "nixos-25.11",
        "repo": "nixpkgs",
        "type": "github"
      }
    },
    "nixpkgs-unstable": {
      "locked": {
        "lastModified": 1775423009,
        "narHash": "sha256-vPKLpjhIVWdDrfiUM8atW6YkIggCEKdSAlJPzzhkQlw=",
        "owner": "NixOS",
        "repo": "nixpkgs",
        "rev": "68d8aa3d661f0e6bd5862291b5bb263b2a6595c9",
        "type": "github"
      },
      "original": {
        "owner": "NixOS",
        "ref": "nixos-unstable",
        "repo": "nixpkgs",
        "type": "github"
      }
    },
    "nixpkgs_2": {
      "locked": {
        "lastModified": 1775525138,
        "narHash": "sha256-BQb70+B378ECLO8iQT3P/b1hCC5/CJVHZdeulY8futc=",
        "owner": "NixOS",
        "repo": "nixpkgs",
        "rev": "d96b37bbeb9840f1c0ebfe90585ef5067b69bbb3",
        "type": "github"
      },
      "original": {
        "owner": "NixOS",
        "ref": "nixos-25.11",
        "repo": "nixpkgs",
        "type": "github"
      }
    },
    "noctalia-qs": {
      "inputs": {
        "nixpkgs": [
          "noctalia-shell",
          "nixpkgs"
        ],
        "systems": "systems_3",
        "treefmt-nix": "treefmt-nix_2"
      },
      "locked": {
        "lastModified": 1775491791,
        "narHash": "sha256-elzmRpudiwtYQNCKk9TAEhlYQV0+yUM81poo01Z7FfQ=",
        "owner": "noctalia-dev",
        "repo": "noctalia-qs",
        "rev": "9e2736531ef7a1a336abf7ec72255d0b192273b6",
        "type": "github"
      },
      "original": {
        "owner": "noctalia-dev",
        "repo": "noctalia-qs",
        "type": "github"
      }
    },
    "noctalia-shell": {
      "inputs": {
        "nixpkgs": [
          "nixpkgs"
        ],
        "noctalia-qs": "noctalia-qs"
      },
      "locked": {
        "lastModified": 1775666620,
        "narHash": "sha256-BflnuqByoa7rkVGeWMQ3KofW07pR7ZR9xwL4pFcL9M0=",
        "owner": "noctalia-dev",
        "repo": "noctalia-shell",
        "rev": "087f75376b4827b984ca8d8c323a72292f8d8d18",
        "type": "github"
      },
      "original": {
        "owner": "noctalia-dev",
        "repo": "noctalia-shell",
        "type": "github"
      }
    },
    "re2-src": {
      "flake": false,
      "locked": {
        "lastModified": 1762353507,
        "narHash": "sha256-0J1HVk+eR7VN0ymucW9dNlT36j16XIfCzcs1EVyEIEU=",
        "owner": "google",
        "repo": "re2",
        "rev": "927f5d53caf8111721e734cf24724686bb745f55",
        "type": "github"
      },
      "original": {
        "owner": "google",
        "ref": "2025-11-05",
        "repo": "re2",
        "type": "github"
      }
    },
    "root": {
      "inputs": {
        "awww": "awww",
        "comin": "comin",
        "disko": "disko",
        "dracula-alacritty": "dracula-alacritty",
        "home-manager": "home-manager",
        "millennium": "millennium",
        "minecraft-discord-bridge": "minecraft-discord-bridge",
        "niri": "niri",
        "nix-index-database": "nix-index-database",
        "nix-minecraft": "nix-minecraft",
        "nixpkgs": "nixpkgs_2",
        "nixpkgs-unstable": "nixpkgs-unstable",
        "noctalia-shell": "noctalia-shell",
        "sops-nix": "sops-nix",
        "spicetify-nix": "spicetify-nix",
        "zen-browser": "zen-browser"
      }
    },
    "rust-overlay": {
      "inputs": {
        "nixpkgs": [
          "awww",
          "nixpkgs"
        ]
      },
      "locked": {
        "lastModified": 1764038373,
        "narHash": "sha256-M6w2wNBRelcavoDAyFL2iO4NeWknD40ASkH1S3C0YGM=",
        "owner": "oxalica",
        "repo": "rust-overlay",
        "rev": "ab3536fe850211a96673c6ffb2cb88aab8071cc9",
        "type": "github"
      },
      "original": {
        "owner": "oxalica",
        "repo": "rust-overlay",
        "type": "github"
      }
    },
    "sops-nix": {
      "inputs": {
        "nixpkgs": [
          "nixpkgs"
        ]
      },
      "locked": {
        "lastModified": 1775619836,
        "narHash": "sha256-VcC/+MMMldwQKcST2y/QTndGLusSxjeUvYwFwzZKKko=",
        "owner": "Mic92",
        "repo": "sops-nix",
        "rev": "de5f2d596eb896a5728afcd15f823f59cb9ecfdb",
        "type": "github"
      },
      "original": {
        "owner": "Mic92",
        "repo": "sops-nix",
        "type": "github"
      }
    },
    "spicetify-nix": {
      "inputs": {
        "nixpkgs": [
          "nixpkgs"
        ],
        "systems": "systems_4"
      },
      "locked": {
        "lastModified": 1775421933,
        "narHash": "sha256-JkEbzFDFTsUlVtHEzA8Y4r3O9LInhb96eOCbtGjGnbM=",
        "owner": "Gerg-L",
        "repo": "spicetify-nix",
        "rev": "ec8d73085fdf807d55765335dc8126e14e7b2096",
        "type": "github"
      },
      "original": {
        "owner": "Gerg-L",
        "repo": "spicetify-nix",
        "type": "github"
      }
    },
    "systems": {
      "locked": {
        "lastModified": 1681028828,
        "narHash": "sha256-Vy1rq5AaRuLzOxct8nz4T6wlgyUR7zLU309k9mBC768=",
        "owner": "nix-systems",
        "repo": "default",
        "rev": "da67096a3b9bf56a91d16901293e51ba5b49a27e",
        "type": "github"
      },
      "original": {
        "owner": "nix-systems",
        "repo": "default",
        "type": "github"
      }
    },
    "systems_2": {
      "locked": {
        "lastModified": 1681028828,
        "narHash": "sha256-Vy1rq5AaRuLzOxct8nz4T6wlgyUR7zLU309k9mBC768=",
        "owner": "nix-systems",
        "repo": "default",
        "rev": "da67096a3b9bf56a91d16901293e51ba5b49a27e",
        "type": "github"
      },
      "original": {
        "owner": "nix-systems",
        "repo": "default",
        "type": "github"
      }
    },
    "systems_3": {
      "locked": {
        "lastModified": 1689347949,
        "narHash": "sha256-12tWmuL2zgBgZkdoB6qXZsgJEH9LR3oUgpaQq2RbI80=",
        "owner": "nix-systems",
        "repo": "default-linux",
        "rev": "31732fcf5e8fea42e59c2488ad31a0e651500f68",
        "type": "github"
      },
      "original": {
        "owner": "nix-systems",
        "repo": "default-linux",
        "type": "github"
      }
    },
    "systems_4": {
      "locked": {
        "lastModified": 1681028828,
        "narHash": "sha256-Vy1rq5AaRuLzOxct8nz4T6wlgyUR7zLU309k9mBC768=",
        "owner": "nix-systems",
        "repo": "default",
        "rev": "da67096a3b9bf56a91d16901293e51ba5b49a27e",
        "type": "github"
      },
      "original": {
        "owner": "nix-systems",
        "repo": "default",
        "type": "github"
      }
    },
    "treefmt-nix": {
      "inputs": {
        "nixpkgs": "nixpkgs"
      },
      "locked": {
        "lastModified": 1770228511,
        "narHash": "sha256-wQ6NJSuFqAEmIg2VMnLdCnUc0b7vslUohqqGGD+Fyxk=",
        "owner": "numtide",
        "repo": "treefmt-nix",
        "rev": "337a4fe074be1042a35086f15481d763b8ddc0e7",
        "type": "github"
      },
      "original": {
        "owner": "numtide",
        "repo": "treefmt-nix",
        "type": "github"
      }
    },
    "treefmt-nix_2": {
      "inputs": {
        "nixpkgs": [
          "noctalia-shell",
          "noctalia-qs",
          "nixpkgs"
        ]
      },
      "locked": {
        "lastModified": 1775125835,
        "narHash": "sha256-2qYcPgzFhnQWchHo0SlqLHrXpux5i6ay6UHA+v2iH4U=",
        "owner": "numtide",
        "repo": "treefmt-nix",
        "rev": "75925962939880974e3ab417879daffcba36c4a3",
        "type": "github"
      },
      "original": {
        "owner": "numtide",
        "repo": "treefmt-nix",
        "type": "github"
      }
    },
    "websocketpp-src": {
      "flake": false,
      "locked": {
        "lastModified": 1587320717,
        "narHash": "sha256-9fIwouthv2GcmBe/UPvV7Xn9P2o0Kmn2hCI4jCh0hPM=",
        "owner": "zaphoyd",
        "repo": "websocketpp",
        "rev": "56123c87598f8b1dd471be83ca841ceae07f95ba",
        "type": "github"
      },
      "original": {
        "owner": "zaphoyd",
        "ref": "0.8.2",
        "repo": "websocketpp",
        "type": "github"
      }
    },
    "xwayland-satellite-stable": {
      "flake": false,
      "locked": {
        "lastModified": 1755491097,
        "narHash": "sha256-m+9tUfsmBeF2Gn4HWa6vSITZ4Gz1eA1F5Kh62B0N4oE=",
        "owner": "Supreeeme",
        "repo": "xwayland-satellite",
        "rev": "388d291e82ffbc73be18169d39470f340707edaa",
        "type": "github"
      },
      "original": {
        "owner": "Supreeeme",
        "ref": "v0.7",
        "repo": "xwayland-satellite",
        "type": "github"
      }
    },
    "xwayland-satellite-unstable": {
      "flake": false,
      "locked": {
        "lastModified": 1773622265,
        "narHash": "sha256-wToKwH7IgWdGLMSIWksEDs4eumR6UbbsuPQ42r0oTXQ=",
        "owner": "Supreeeme",
        "repo": "xwayland-satellite",
        "rev": "a879e5e0896a326adc79c474bf457b8b99011027",
        "type": "github"
      },
      "original": {
        "owner": "Supreeeme",
        "repo": "xwayland-satellite",
        "type": "github"
      }
    },
    "zen-browser": {
      "inputs": {
        "home-manager": "home-manager_2",
        "nixpkgs": [
          "nixpkgs"
        ]
      },
      "locked": {
        "lastModified": 1775675876,
        "narHash": "sha256-pLSM6AXsR4d2cvesXOMn+misPbkXreF5DOw41+eET/Y=",
        "owner": "0xc000022070",
        "repo": "zen-browser-flake",
        "rev": "dfa12af0a66a3430a14c2051abc892a6482aea2e",
        "type": "github"
      },
      "original": {
        "owner": "0xc000022070",
        "repo": "zen-browser-flake",
        "type": "github"
      }
    },
    "zlib-src": {
      "flake": false,
      "locked": {
        "lastModified": 1754565515,
        "narHash": "sha256-c2RYqHi3hj/ViBzJcYWoNib27GAbq/B1SJUfvG7CPG4=",
        "owner": "zlib-ng",
        "repo": "zlib-ng",
        "rev": "425439062b114a0f6cf625022c41d929c7e879f9",
        "type": "github"
      },
      "original": {
        "owner": "zlib-ng",
        "ref": "2.2.5",
        "repo": "zlib-ng",
        "type": "github"
      }
    }
  },
  "root": "root",
  "version": 7
}
